
Microsoft Visual Studio Solution File, Format Version 12.00
# Visual Studio Version 17
VisualStudioVersion = 17.7.34024.191
MinimumVisualStudioVersion = 10.0.40219.1
Project("{9A19103F-16F7-4668-BE54-9A1E7A4F7556}") = "ATCDataserver", "ATCDataserver\ATCDataserver.csproj", "{487C826D-A1C9-4E8E-8794-2206F3D3DA8A}"
	ProjectSection(ProjectDependencies) = postProject
		{98F7B505-2C9C-4ABE-8E7C-4763EB43DB9F} = {98F7B505-2C9C-4ABE-8E7C-4763EB43DB9F}
	EndProjectSection
EndProject
Project("{9A19103F-16F7-4668-BE54-9A1E7A4F7556}") = "DynamoDebugSetUp", "DynamoDebugSetUp\DynamoDebugSetUp.csproj", "{08670FB8-3082-4E16-8009-C0254C762B69}"
EndProject
Project("{9A19103F-16F7-4668-BE54-9A1E7A4F7556}") = "DynamoDBClient", "DynamoDBClient\DynamoDBClient.csproj", "{98F7B505-2C9C-4ABE-8E7C-4763EB43DB9F}"
EndProject
Project("{9A19103F-16F7-4668-BE54-9A1E7A4F7556}") = "RecognizedAirPicture", "RecognizedAirPicture\RecognizedAirPicture.csproj", "{85D7320D-B09F-4EF9-9EE2-D6594EC01818}"
EndProject
Project("{9A19103F-16F7-4668-BE54-9A1E7A4F7556}") = "UnitTests", "UnitTests\UnitTests.csproj", "{C1FE5F84-FD3F-4B91-99F1-E8AB42872D17}"
	ProjectSection(ProjectDependencies) = postProject
		{08670FB8-3082-4E16-8009-C0254C762B69} = {08670FB8-3082-4E16-8009-C0254C762B69}
		{487C826D-A1C9-4E8E-8794-2206F3D3DA8A} = {487C826D-A1C9-4E8E-8794-2206F3D3DA8A}
		{85D7320D-B09F-4EF9-9EE2-D6594EC01818} = {85D7320D-B09F-4EF9-9EE2-D6594EC01818}
		{98F7B505-2C9C-4ABE-8E7C-4763EB43DB9F} = {98F7B505-2C9C-4ABE-8E7C-4763EB43DB9F}
	EndProjectSection
EndProject
Project("{9A19103F-16F7-4668-BE54-9A1E7A4F7556}") = "LambdaAircraftFetcher", "LambdaAircraftFetcher\LambdaAircraftFetcher.csproj", "{3A4CBFD1-4D8A-4656-838D-E020D3D6B20E}"
EndProject
Global
	GlobalSection(SolutionConfigurationPlatforms) = preSolution
		Debug|Any CPU = Debug|Any CPU
		Release|Any CPU = Release|Any CPU
	EndGlobalSection
	GlobalSection(ProjectConfigurationPlatforms) = postSolution
		{487C826D-A1C9-4E8E-8794-2206F3D3DA8A}.Debug|Any CPU.ActiveCfg = Debug|Any CPU
		{487C826D-A1C9-4E8E-8794-2206F3D3DA8A}.Debug|Any CPU.Build.0 = Debug|Any CPU
		{487C826D-A1C9-4E8E-8794-2206F3D3DA8A}.Release|Any CPU.ActiveCfg = Release|Any CPU
		{487C826D-A1C9-4E8E-8794-2206F3D3DA8A}.Release|Any CPU.Build.0 = Release|Any CPU
		{08670FB8-3082-4E16-8009-C0254C762B69}.Debug|Any CPU.ActiveCfg = Debug|Any CPU
		{08670FB8-3082-4E16-8009-C0254C762B69}.Debug|Any CPU.Build.0 = Debug|Any CPU
		{08670FB8-3082-4E16-8009-C0254C762B69}.Release|Any CPU.ActiveCfg = Release|Any CPU
		{08670FB8-3082-4E16-8009-C0254C762B69}.Release|Any CPU.Build.0 = Release|Any CPU
		{98F7B505-2C9C-4ABE-8E7C-4763EB43DB9F}.Debug|Any CPU.ActiveCfg = Debug|Any CPU
		{98F7B505-2C9C-4ABE-8E7C-4763EB43DB9F}.Debug|Any CPU.Build.0 = Debug|Any CPU
		{98F7B505-2C9C-4ABE-8E7C-4763EB43DB9F}.Release|Any CPU.ActiveCfg = Release|Any CPU
		{98F7B505-2C9C-4ABE-8E7C-4763EB43DB9F}.Release|Any CPU.Build.0 = Release|Any CPU
		{85D7320D-B09F-4EF9-9EE2-D6594EC01818}.Debug|Any CPU.ActiveCfg = Debug|Any CPU
		{85D7320D-B09F-4EF9-9EE2-D6594EC01818}.Debug|Any CPU.Build.0 = Debug|Any CPU
		{85D7320D-B09F-4EF9-9EE2-D6594EC01818}.Release|Any CPU.ActiveCfg = Release|Any CPU
		{85D7320D-B09F-4EF9-9EE2-D6594EC01818}.Release|Any CPU.Build.0 = Release|Any CPU
		{C1FE5F84-FD3F-4B91-99F1-E8AB42872D17}.Debug|Any CPU.ActiveCfg = Debug|Any CPU
		{C1FE5F84-FD3F-4B91-99F1-E8AB42872D17}.Debug|Any CPU.Build.0 = Debug|Any CPU
		{C1FE5F84-FD3F-4B91-99F1-E8AB42872D17}.Release|Any CPU.ActiveCfg = Release|Any CPU
		{C1FE5F84-FD3F-4B91-99F1-E8AB42872D17}.Release|Any CPU.Build.0 = Release|Any CPU
		{3A4CBFD1-4D8A-4656-838D-E020D3D6B20E}.Debug|Any CPU.ActiveCfg = Debug|Any CPU
		{3A4CBFD1-4D8A-4656-838D-E020D3D6B20E}.Debug|Any CPU.Build.0 = Debug|Any CPU
		{3A4CBFD1-4D8A-4656-838D-E020D3D6B20E}.Release|Any CPU.ActiveCfg = Release|Any CPU
		{3A4CBFD1-4D8A-4656-838D-E020D3D6B20E}.Release|Any CPU.Build.0 = Release|Any CPU
	EndGlobalSection
	GlobalSection(SolutionProperties) = preSolution
		HideSolutionNode = FALSE
	EndGlobalSection
	GlobalSection(ExtensibilityGlobals) = postSolution
		SolutionGuid = {32C0CD97-56DB-45B9-88E7-B2FAAEA9A0DC}
	EndGlobalSection
EndGlobal
